// !$*UTF8*$!
{
	archiveVersion = 1;
	classes = {
	};
	objectVersion = 46;
	objects = {

/* Begin PBXBuildFile section */
		423234861AF479B50073255A /* ReceiptSlideOutView.xib in Resources */ = {isa = PBXBuildFile; fileRef = 423234851AF479B50073255A /* ReceiptSlideOutView.xib */; };
		4232348A1AF47A060073255A /* ReceiptSlideOutViewController.m in Sources */ = {isa = PBXBuildFile; fileRef = 423234891AF47A060073255A /* ReceiptSlideOutViewController.m */; };
		B2202DF01AED93720099F6B7 /* main.m in Sources */ = {isa = PBXBuildFile; fileRef = B2202DEF1AED93720099F6B7 /* main.m */; };
		B2202DF31AED93720099F6B7 /* AppDelegate.m in Sources */ = {isa = PBXBuildFile; fileRef = B2202DF21AED93720099F6B7 /* AppDelegate.m */; };
		B2202DF61AED93730099F6B7 /* ViewController.m in Sources */ = {isa = PBXBuildFile; fileRef = B2202DF51AED93730099F6B7 /* ViewController.m */; };
		B2202DF91AED93730099F6B7 /* Main.storyboard in Resources */ = {isa = PBXBuildFile; fileRef = B2202DF71AED93730099F6B7 /* Main.storyboard */; };
		B2202DFB1AED93730099F6B7 /* Images.xcassets in Resources */ = {isa = PBXBuildFile; fileRef = B2202DFA1AED93730099F6B7 /* Images.xcassets */; };
		B2202DFE1AED93740099F6B7 /* LaunchScreen.xib in Resources */ = {isa = PBXBuildFile; fileRef = B2202DFC1AED93740099F6B7 /* LaunchScreen.xib */; };
		B2202E0A1AED93740099F6B7 /* uberhxthonTests.m in Sources */ = {isa = PBXBuildFile; fileRef = B2202E091AED93740099F6B7 /* uberhxthonTests.m */; };
		B2202E151AED963B0099F6B7 /* DeliveryViewController.m in Sources */ = {isa = PBXBuildFile; fileRef = B2202E141AED963B0099F6B7 /* DeliveryViewController.m */; };
		B2202E181AED96520099F6B7 /* AnalyticsViewController.m in Sources */ = {isa = PBXBuildFile; fileRef = B2202E171AED96520099F6B7 /* AnalyticsViewController.m */; };
		B2202E1B1AED965F0099F6B7 /* SettingsViewController.m in Sources */ = {isa = PBXBuildFile; fileRef = B2202E1A1AED965F0099F6B7 /* SettingsViewController.m */; };
		B2202E231AEDA0CF0099F6B7 /* MHTabBarController.m in Sources */ = {isa = PBXBuildFile; fileRef = B2202E221AEDA0CF0099F6B7 /* MHTabBarController.m */; };
		B2202E251AEDA4CB0099F6B7 /* DeliveryView.xib in Resources */ = {isa = PBXBuildFile; fileRef = B2202E241AEDA4CB0099F6B7 /* DeliveryView.xib */; };
		B2202E271AEDA50A0099F6B7 /* AnalyticsView.xib in Resources */ = {isa = PBXBuildFile; fileRef = B2202E261AEDA50A0099F6B7 /* AnalyticsView.xib */; };
		B2202E291AEDA51F0099F6B7 /* SettingsView.xib in Resources */ = {isa = PBXBuildFile; fileRef = B2202E281AEDA51F0099F6B7 /* SettingsView.xib */; };
		B2202E2E1AEDBD7C0099F6B7 /* LeftmostViewController.m in Sources */ = {isa = PBXBuildFile; fileRef = B2202E2D1AEDBD7C0099F6B7 /* LeftmostViewController.m */; };
		B256A4D91AEDC7520051B8EC /* LeftmostView.xib in Resources */ = {isa = PBXBuildFile; fileRef = B256A4D81AEDC7520051B8EC /* LeftmostView.xib */; };
		C1F0CF1D1AF1C6EB00D9F02E /* MapKit.framework in Frameworks */ = {isa = PBXBuildFile; fileRef = C1F0CF1C1AF1C6EB00D9F02E /* MapKit.framework */; };
		CB91E34CC875BC4F2A60361F /* libPods.a in Frameworks */ = {isa = PBXBuildFile; fileRef = F838711450032AB81FFB9201 /* libPods.a */; };
/* End PBXBuildFile section */

/* Begin PBXContainerItemProxy section */
		B2202E041AED93740099F6B7 /* PBXContainerItemProxy */ = {
			isa = PBXContainerItemProxy;
			containerPortal = B2202DE21AED93710099F6B7 /* Project object */;
			proxyType = 1;
			remoteGlobalIDString = B2202DE91AED93710099F6B7;
			remoteInfo = uberhxthon;
		};
/* End PBXContainerItemProxy section */

/* Begin PBXFileReference section */
		3566A7A44363A2B80442F71D /* Pods.debug.xcconfig */ = {isa = PBXFileReference; includeInIndex = 1; lastKnownFileType = text.xcconfig; name = Pods.debug.xcconfig; path = "Pods/Target Support Files/Pods/Pods.debug.xcconfig"; sourceTree = "<group>"; };
		423234851AF479B50073255A /* ReceiptSlideOutView.xib */ = {isa = PBXFileReference; fileEncoding = 4; lastKnownFileType = file.xib; name = ReceiptSlideOutView.xib; path = ReceiptSlideOutView/Views/ReceiptSlideOutView.xib; sourceTree = "<group>"; };
		423234881AF47A060073255A /* ReceiptSlideOutViewController.h */ = {isa = PBXFileReference; fileEncoding = 4; lastKnownFileType = sourcecode.c.h; name = ReceiptSlideOutViewController.h; path = ReceiptSlideOutView/Controllers/ReceiptSlideOutViewController.h; sourceTree = "<group>"; };
		423234891AF47A060073255A /* ReceiptSlideOutViewController.m */ = {isa = PBXFileReference; fileEncoding = 4; lastKnownFileType = sourcecode.c.objc; name = ReceiptSlideOutViewController.m; path = ReceiptSlideOutView/Controllers/ReceiptSlideOutViewController.m; sourceTree = "<group>"; };
		B2202DEA1AED93710099F6B7 /* uberhxthon.app */ = {isa = PBXFileReference; explicitFileType = wrapper.application; includeInIndex = 0; path = uberhxthon.app; sourceTree = BUILT_PRODUCTS_DIR; };
		B2202DEE1AED93720099F6B7 /* Info.plist */ = {isa = PBXFileReference; lastKnownFileType = text.plist.xml; path = Info.plist; sourceTree = "<group>"; };
		B2202DEF1AED93720099F6B7 /* main.m */ = {isa = PBXFileReference; lastKnownFileType = sourcecode.c.objc; path = main.m; sourceTree = "<group>"; };
		B2202DF11AED93720099F6B7 /* AppDelegate.h */ = {isa = PBXFileReference; lastKnownFileType = sourcecode.c.h; path = AppDelegate.h; sourceTree = "<group>"; };
		B2202DF21AED93720099F6B7 /* AppDelegate.m */ = {isa = PBXFileReference; lastKnownFileType = sourcecode.c.objc; path = AppDelegate.m; sourceTree = "<group>"; };
		B2202DF41AED93730099F6B7 /* ViewController.h */ = {isa = PBXFileReference; lastKnownFileType = sourcecode.c.h; path = ViewController.h; sourceTree = "<group>"; };
		B2202DF51AED93730099F6B7 /* ViewController.m */ = {isa = PBXFileReference; lastKnownFileType = sourcecode.c.objc; path = ViewController.m; sourceTree = "<group>"; };
		B2202DF81AED93730099F6B7 /* Base */ = {isa = PBXFileReference; lastKnownFileType = file.storyboard; name = Base; path = Base.lproj/Main.storyboard; sourceTree = "<group>"; };
		B2202DFA1AED93730099F6B7 /* Images.xcassets */ = {isa = PBXFileReference; lastKnownFileType = folder.assetcatalog; path = Images.xcassets; sourceTree = "<group>"; };
		B2202DFD1AED93740099F6B7 /* Base */ = {isa = PBXFileReference; lastKnownFileType = file.xib; name = Base; path = Base.lproj/LaunchScreen.xib; sourceTree = "<group>"; };
		B2202E031AED93740099F6B7 /* uberhxthonTests.xctest */ = {isa = PBXFileReference; explicitFileType = wrapper.cfbundle; includeInIndex = 0; path = uberhxthonTests.xctest; sourceTree = BUILT_PRODUCTS_DIR; };
		B2202E081AED93740099F6B7 /* Info.plist */ = {isa = PBXFileReference; lastKnownFileType = text.plist.xml; path = Info.plist; sourceTree = "<group>"; };
		B2202E091AED93740099F6B7 /* uberhxthonTests.m */ = {isa = PBXFileReference; lastKnownFileType = sourcecode.c.objc; path = uberhxthonTests.m; sourceTree = "<group>"; };
		B2202E131AED963B0099F6B7 /* DeliveryViewController.h */ = {isa = PBXFileReference; fileEncoding = 4; lastKnownFileType = sourcecode.c.h; path = DeliveryViewController.h; sourceTree = "<group>"; };
		B2202E141AED963B0099F6B7 /* DeliveryViewController.m */ = {isa = PBXFileReference; fileEncoding = 4; lastKnownFileType = sourcecode.c.objc; path = DeliveryViewController.m; sourceTree = "<group>"; };
		B2202E161AED96520099F6B7 /* AnalyticsViewController.h */ = {isa = PBXFileReference; fileEncoding = 4; lastKnownFileType = sourcecode.c.h; path = AnalyticsViewController.h; sourceTree = "<group>"; };
		B2202E171AED96520099F6B7 /* AnalyticsViewController.m */ = {isa = PBXFileReference; fileEncoding = 4; lastKnownFileType = sourcecode.c.objc; path = AnalyticsViewController.m; sourceTree = "<group>"; };
		B2202E191AED965F0099F6B7 /* SettingsViewController.h */ = {isa = PBXFileReference; fileEncoding = 4; lastKnownFileType = sourcecode.c.h; path = SettingsViewController.h; sourceTree = "<group>"; };
		B2202E1A1AED965F0099F6B7 /* SettingsViewController.m */ = {isa = PBXFileReference; fileEncoding = 4; lastKnownFileType = sourcecode.c.objc; path = SettingsViewController.m; sourceTree = "<group>"; };
		B2202E211AEDA0CF0099F6B7 /* MHTabBarController.h */ = {isa = PBXFileReference; fileEncoding = 4; lastKnownFileType = sourcecode.c.h; name = MHTabBarController.h; path = MHTabBarController/MHTabBarController.h; sourceTree = "<group>"; };
		B2202E221AEDA0CF0099F6B7 /* MHTabBarController.m */ = {isa = PBXFileReference; fileEncoding = 4; lastKnownFileType = sourcecode.c.objc; name = MHTabBarController.m; path = MHTabBarController/MHTabBarController.m; sourceTree = "<group>"; };
		B2202E241AEDA4CB0099F6B7 /* DeliveryView.xib */ = {isa = PBXFileReference; fileEncoding = 4; lastKnownFileType = file.xib; path = DeliveryView.xib; sourceTree = "<group>"; };
		B2202E261AEDA50A0099F6B7 /* AnalyticsView.xib */ = {isa = PBXFileReference; fileEncoding = 4; lastKnownFileType = file.xib; path = AnalyticsView.xib; sourceTree = "<group>"; };
		B2202E281AEDA51F0099F6B7 /* SettingsView.xib */ = {isa = PBXFileReference; fileEncoding = 4; lastKnownFileType = file.xib; path = SettingsView.xib; sourceTree = "<group>"; };
		B2202E2C1AEDBD7C0099F6B7 /* LeftmostViewController.h */ = {isa = PBXFileReference; fileEncoding = 4; lastKnownFileType = sourcecode.c.h; path = LeftmostViewController.h; sourceTree = "<group>"; };
		B2202E2D1AEDBD7C0099F6B7 /* LeftmostViewController.m */ = {isa = PBXFileReference; fileEncoding = 4; lastKnownFileType = sourcecode.c.objc; path = LeftmostViewController.m; sourceTree = "<group>"; };
		B256A4D81AEDC7520051B8EC /* LeftmostView.xib */ = {isa = PBXFileReference; fileEncoding = 4; lastKnownFileType = file.xib; path = LeftmostView.xib; sourceTree = "<group>"; };
		C1F0CF1C1AF1C6EB00D9F02E /* MapKit.framework */ = {isa = PBXFileReference; lastKnownFileType = wrapper.framework; name = MapKit.framework; path = System/Library/Frameworks/MapKit.framework; sourceTree = SDKROOT; };
		D0AFD784EE723E46DA2B7261 /* Pods.release.xcconfig */ = {isa = PBXFileReference; includeInIndex = 1; lastKnownFileType = text.xcconfig; name = Pods.release.xcconfig; path = "Pods/Target Support Files/Pods/Pods.release.xcconfig"; sourceTree = "<group>"; };
		F838711450032AB81FFB9201 /* libPods.a */ = {isa = PBXFileReference; explicitFileType = archive.ar; includeInIndex = 0; path = libPods.a; sourceTree = BUILT_PRODUCTS_DIR; };
/* End PBXFileReference section */

/* Begin PBXFrameworksBuildPhase section */
		B2202DE71AED93710099F6B7 /* Frameworks */ = {
			isa = PBXFrameworksBuildPhase;
			buildActionMask = 2147483647;
			files = (
				C1F0CF1D1AF1C6EB00D9F02E /* MapKit.framework in Frameworks */,
				CB91E34CC875BC4F2A60361F /* libPods.a in Frameworks */,
			);
			runOnlyForDeploymentPostprocessing = 0;
		};
		B2202E001AED93740099F6B7 /* Frameworks */ = {
			isa = PBXFrameworksBuildPhase;
			buildActionMask = 2147483647;
			files = (
			);
			runOnlyForDeploymentPostprocessing = 0;
		};
/* End PBXFrameworksBuildPhase section */

/* Begin PBXGroup section */
		423234811AF479400073255A /* ReceiptSlideOutView */ = {
			isa = PBXGroup;
			children = (
				423234871AF479EC0073255A /* Controllers */,
				423234821AF479740073255A /* Views */,
			);
			name = ReceiptSlideOutView;
			sourceTree = "<group>";
		};
		423234821AF479740073255A /* Views */ = {
			isa = PBXGroup;
			children = (
				423234851AF479B50073255A /* ReceiptSlideOutView.xib */,
			);
			name = Views;
			sourceTree = "<group>";
		};
		423234871AF479EC0073255A /* Controllers */ = {
			isa = PBXGroup;
			children = (
				423234881AF47A060073255A /* ReceiptSlideOutViewController.h */,
				423234891AF47A060073255A /* ReceiptSlideOutViewController.m */,
			);
			name = Controllers;
			sourceTree = "<group>";
		};
		4239E7DB1AF2B9B100513C9A /* DeliveryView */ = {
			isa = PBXGroup;
			children = (
				4239E7DE1AF2B9C900513C9A /* Controllers */,
				4239E7DD1AF2B9C400513C9A /* Views */,
				4239E7DC1AF2B9BE00513C9A /* Models */,
			);
			name = DeliveryView;
			sourceTree = "<group>";
		};
		4239E7DC1AF2B9BE00513C9A /* Models */ = {
			isa = PBXGroup;
			children = (
			);
			name = Models;
			sourceTree = "<group>";
		};
		4239E7DD1AF2B9C400513C9A /* Views */ = {
			isa = PBXGroup;
			children = (
				B2202E241AEDA4CB0099F6B7 /* DeliveryView.xib */,
			);
			name = Views;
			path = /Users/ashnkumar/Dropbox/Coding/Projects/UberHackathon/CashwinUberHackathon/uberhxthon/uberhxthon/DeliveryView/Views;
			sourceTree = "<absolute>";
		};
		4239E7DE1AF2B9C900513C9A /* Controllers */ = {
			isa = PBXGroup;
			children = (
				B2202E131AED963B0099F6B7 /* DeliveryViewController.h */,
				B2202E141AED963B0099F6B7 /* DeliveryViewController.m */,
			);
			name = Controllers;
			path = /Users/ashnkumar/Dropbox/Coding/Projects/UberHackathon/CashwinUberHackathon/uberhxthon/uberhxthon/DeliveryView/Controllers;
			sourceTree = "<absolute>";
		};
		4239E7DF1AF2B9E900513C9A /* SettingsView */ = {
			isa = PBXGroup;
			children = (
				4239E7E21AF2B9F700513C9A /* Controllers */,
				4239E7E11AF2B9F300513C9A /* Views */,
				4239E7E01AF2B9EE00513C9A /* Models */,
			);
			name = SettingsView;
			sourceTree = "<group>";
		};
		4239E7E01AF2B9EE00513C9A /* Models */ = {
			isa = PBXGroup;
			children = (
			);
			name = Models;
			sourceTree = "<group>";
		};
		4239E7E11AF2B9F300513C9A /* Views */ = {
			isa = PBXGroup;
			children = (
				B2202E281AEDA51F0099F6B7 /* SettingsView.xib */,
			);
			name = Views;
			path = /Users/ashnkumar/Dropbox/Coding/Projects/UberHackathon/CashwinUberHackathon/uberhxthon/uberhxthon/SettingsView/Views;
			sourceTree = "<absolute>";
		};
		4239E7E21AF2B9F700513C9A /* Controllers */ = {
			isa = PBXGroup;
			children = (
				B2202E191AED965F0099F6B7 /* SettingsViewController.h */,
				B2202E1A1AED965F0099F6B7 /* SettingsViewController.m */,
			);
			name = Controllers;
			path = /Users/ashnkumar/Dropbox/Coding/Projects/UberHackathon/CashwinUberHackathon/uberhxthon/uberhxthon/SettingsView/Controllers;
			sourceTree = "<absolute>";
		};
		4239E7E31AF2BA0F00513C9A /* AnalyticsView */ = {
			isa = PBXGroup;
			children = (
				4239E7E61AF2BA2700513C9A /* Controllers */,
				4239E7E51AF2BA2300513C9A /* Views */,
				4239E7E41AF2BA1C00513C9A /* Models */,
			);
			name = AnalyticsView;
			path = /Users/ashnkumar/Dropbox/Coding/Projects/UberHackathon/CashwinUberHackathon/uberhxthon/uberhxthon/AnalyticsView;
			sourceTree = "<absolute>";
		};
		4239E7E41AF2BA1C00513C9A /* Models */ = {
			isa = PBXGroup;
			children = (
			);
			name = Models;
			sourceTree = "<group>";
		};
		4239E7E51AF2BA2300513C9A /* Views */ = {
			isa = PBXGroup;
			children = (
				B2202E261AEDA50A0099F6B7 /* AnalyticsView.xib */,
			);
			name = Views;
			path = /Users/ashnkumar/Dropbox/Coding/Projects/UberHackathon/CashwinUberHackathon/uberhxthon/uberhxthon/AnalyticsView/Views;
			sourceTree = "<absolute>";
		};
		4239E7E61AF2BA2700513C9A /* Controllers */ = {
			isa = PBXGroup;
			children = (
				B2202E161AED96520099F6B7 /* AnalyticsViewController.h */,
				B2202E171AED96520099F6B7 /* AnalyticsViewController.m */,
			);
			name = Controllers;
			path = /Users/ashnkumar/Dropbox/Coding/Projects/UberHackathon/CashwinUberHackathon/uberhxthon/uberhxthon/AnalyticsView/Controllers;
			sourceTree = "<absolute>";
		};
		4239E7E71AF2BA5800513C9A /* TabBar */ = {
			isa = PBXGroup;
			children = (
				B2202E211AEDA0CF0099F6B7 /* MHTabBarController.h */,
				B2202E221AEDA0CF0099F6B7 /* MHTabBarController.m */,
			);
			name = TabBar;
			path = /Users/ashnkumar/Dropbox/Coding/Projects/UberHackathon/CashwinUberHackathon/uberhxthon/uberhxthon/TabBar;
			sourceTree = "<absolute>";
		};
		4239E7E81AF2BD9900513C9A /* LeftMostView */ = {
			isa = PBXGroup;
			children = (
				4239E7EB1AF2BDB400513C9A /* Controllers */,
				4239E7EA1AF2BDAB00513C9A /* Views */,
				4239E7E91AF2BDA300513C9A /* Models */,
			);
			name = LeftMostView;
			sourceTree = "<group>";
		};
		4239E7E91AF2BDA300513C9A /* Models */ = {
			isa = PBXGroup;
			children = (
			);
			name = Models;
			sourceTree = "<group>";
		};
		4239E7EA1AF2BDAB00513C9A /* Views */ = {
			isa = PBXGroup;
			children = (
				B256A4D81AEDC7520051B8EC /* LeftmostView.xib */,
			);
			name = Views;
			path = /Users/ashnkumar/Dropbox/Coding/Projects/UberHackathon/CashwinUberHackathon/uberhxthon/uberhxthon/LeftMostView/Views;
			sourceTree = "<absolute>";
		};
		4239E7EB1AF2BDB400513C9A /* Controllers */ = {
			isa = PBXGroup;
			children = (
				B2202E2C1AEDBD7C0099F6B7 /* LeftmostViewController.h */,
				B2202E2D1AEDBD7C0099F6B7 /* LeftmostViewController.m */,
			);
			name = Controllers;
			path = /Users/ashnkumar/Dropbox/Coding/Projects/UberHackathon/CashwinUberHackathon/uberhxthon/uberhxthon/LeftMostView/Controllers;
			sourceTree = "<absolute>";
		};
		B2202DE11AED93710099F6B7 = {
			isa = PBXGroup;
			children = (
				B2202DEC1AED93710099F6B7 /* uberhxthon */,
				B2202E061AED93740099F6B7 /* uberhxthonTests */,
				B2202DEB1AED93710099F6B7 /* Products */,
				B5A3A1B7BB0285A37F5B4612 /* Pods */,
				F2158B4E1C196F260D8C6736 /* Frameworks */,
			);
			sourceTree = "<group>";
		};
		B2202DEB1AED93710099F6B7 /* Products */ = {
			isa = PBXGroup;
			children = (
				B2202DEA1AED93710099F6B7 /* uberhxthon.app */,
				B2202E031AED93740099F6B7 /* uberhxthonTests.xctest */,
			);
			name = Products;
			sourceTree = "<group>";
		};
		B2202DEC1AED93710099F6B7 /* uberhxthon */ = {
			isa = PBXGroup;
			children = (
				423234811AF479400073255A /* ReceiptSlideOutView */,
				4239E7E81AF2BD9900513C9A /* LeftMostView */,
				4239E7E71AF2BA5800513C9A /* TabBar */,
				4239E7E31AF2BA0F00513C9A /* AnalyticsView */,
				4239E7DF1AF2B9E900513C9A /* SettingsView */,
				4239E7DB1AF2B9B100513C9A /* DeliveryView */,
				B2202E1F1AED96900099F6B7 /* Globals */,
				B2202E1E1AED96770099F6B7 /* Views */,
				B2202E1C1AED96680099F6B7 /* ViewControllers */,
				B2202DFA1AED93730099F6B7 /* Images.xcassets */,
				B2202DED1AED93720099F6B7 /* Supporting Files */,
			);
			path = uberhxthon;
			sourceTree = "<group>";
		};
		B2202DED1AED93720099F6B7 /* Supporting Files */ = {
			isa = PBXGroup;
			children = (
				C1F0CF1C1AF1C6EB00D9F02E /* MapKit.framework */,
				B2202DEE1AED93720099F6B7 /* Info.plist */,
				B2202DEF1AED93720099F6B7 /* main.m */,
			);
			name = "Supporting Files";
			sourceTree = "<group>";
		};
		B2202E061AED93740099F6B7 /* uberhxthonTests */ = {
			isa = PBXGroup;
			children = (
				B2202E091AED93740099F6B7 /* uberhxthonTests.m */,
				B2202E071AED93740099F6B7 /* Supporting Files */,
			);
			path = uberhxthonTests;
			sourceTree = "<group>";
		};
		B2202E071AED93740099F6B7 /* Supporting Files */ = {
			isa = PBXGroup;
			children = (
				B2202E081AED93740099F6B7 /* Info.plist */,
			);
			name = "Supporting Files";
			sourceTree = "<group>";
		};
		B2202E1C1AED96680099F6B7 /* ViewControllers */ = {
			isa = PBXGroup;
			children = (
				B2202DF41AED93730099F6B7 /* ViewController.h */,
				B2202DF51AED93730099F6B7 /* ViewController.m */,
			);
			name = ViewControllers;
			sourceTree = "<group>";
		};
		B2202E1E1AED96770099F6B7 /* Views */ = {
			isa = PBXGroup;
			children = (
				B2202DF71AED93730099F6B7 /* Main.storyboard */,
				B2202DFC1AED93740099F6B7 /* LaunchScreen.xib */,
			);
			name = Views;
			sourceTree = "<group>";
		};
		B2202E1F1AED96900099F6B7 /* Globals */ = {
			isa = PBXGroup;
			children = (
				B2202DF11AED93720099F6B7 /* AppDelegate.h */,
				B2202DF21AED93720099F6B7 /* AppDelegate.m */,
			);
			name = Globals;
			sourceTree = "<group>";
		};
		B5A3A1B7BB0285A37F5B4612 /* Pods */ = {
			isa = PBXGroup;
			children = (
				3566A7A44363A2B80442F71D /* Pods.debug.xcconfig */,
				D0AFD784EE723E46DA2B7261 /* Pods.release.xcconfig */,
			);
			name = Pods;
			sourceTree = "<group>";
		};
		F2158B4E1C196F260D8C6736 /* Frameworks */ = {
			isa = PBXGroup;
			children = (
				F838711450032AB81FFB9201 /* libPods.a */,
			);
			name = Frameworks;
			sourceTree = "<group>";
		};
/* End PBXGroup section */

/* Begin PBXNativeTarget section */
		B2202DE91AED93710099F6B7 /* uberhxthon */ = {
			isa = PBXNativeTarget;
			buildConfigurationList = B2202E0D1AED93740099F6B7 /* Build configuration list for PBXNativeTarget "uberhxthon" */;
			buildPhases = (
				E5454CA8F8FF27041575C0BB /* Check Pods Manifest.lock */,
				B2202DE61AED93710099F6B7 /* Sources */,
				B2202DE71AED93710099F6B7 /* Frameworks */,
				B2202DE81AED93710099F6B7 /* Resources */,
				FBB8FB4E374E3DE54DB78D27 /* Copy Pods Resources */,
			);
			buildRules = (
			);
			dependencies = (
			);
			name = uberhxthon;
			productName = uberhxthon;
			productReference = B2202DEA1AED93710099F6B7 /* uberhxthon.app */;
			productType = "com.apple.product-type.application";
		};
		B2202E021AED93740099F6B7 /* uberhxthonTests */ = {
			isa = PBXNativeTarget;
			buildConfigurationList = B2202E101AED93740099F6B7 /* Build configuration list for PBXNativeTarget "uberhxthonTests" */;
			buildPhases = (
				B2202DFF1AED93740099F6B7 /* Sources */,
				B2202E001AED93740099F6B7 /* Frameworks */,
				B2202E011AED93740099F6B7 /* Resources */,
			);
			buildRules = (
			);
			dependencies = (
				B2202E051AED93740099F6B7 /* PBXTargetDependency */,
			);
			name = uberhxthonTests;
			productName = uberhxthonTests;
			productReference = B2202E031AED93740099F6B7 /* uberhxthonTests.xctest */;
			productType = "com.apple.product-type.bundle.unit-test";
		};
/* End PBXNativeTarget section */

/* Begin PBXProject section */
		B2202DE21AED93710099F6B7 /* Project object */ = {
			isa = PBXProject;
			attributes = {
				LastUpgradeCheck = 0630;
				ORGANIZATIONNAME = "Catherine Jue & Ashwin Kumar";
				TargetAttributes = {
					B2202DE91AED93710099F6B7 = {
						CreatedOnToolsVersion = 6.3.1;
					};
					B2202E021AED93740099F6B7 = {
						CreatedOnToolsVersion = 6.3.1;
						TestTargetID = B2202DE91AED93710099F6B7;
					};
				};
			};
			buildConfigurationList = B2202DE51AED93710099F6B7 /* Build configuration list for PBXProject "uberhxthon" */;
			compatibilityVersion = "Xcode 3.2";
			developmentRegion = English;
			hasScannedForEncodings = 0;
			knownRegions = (
				en,
				Base,
			);
			mainGroup = B2202DE11AED93710099F6B7;
			productRefGroup = B2202DEB1AED93710099F6B7 /* Products */;
			projectDirPath = "";
			projectRoot = "";
			targets = (
				B2202DE91AED93710099F6B7 /* uberhxthon */,
				B2202E021AED93740099F6B7 /* uberhxthonTests */,
			);
		};
/* End PBXProject section */

/* Begin PBXResourcesBuildPhase section */
		B2202DE81AED93710099F6B7 /* Resources */ = {
			isa = PBXResourcesBuildPhase;
			buildActionMask = 2147483647;
			files = (
				423234861AF479B50073255A /* ReceiptSlideOutView.xib in Resources */,
				B2202E251AEDA4CB0099F6B7 /* DeliveryView.xib in Resources */,
				B2202DF91AED93730099F6B7 /* Main.storyboard in Resources */,
				B2202DFE1AED93740099F6B7 /* LaunchScreen.xib in Resources */,
				B256A4D91AEDC7520051B8EC /* LeftmostView.xib in Resources */,
				B2202E291AEDA51F0099F6B7 /* SettingsView.xib in Resources */,
				B2202DFB1AED93730099F6B7 /* Images.xcassets in Resources */,
				B2202E271AEDA50A0099F6B7 /* AnalyticsView.xib in Resources */,
			);
			runOnlyForDeploymentPostprocessing = 0;
		};
		B2202E011AED93740099F6B7 /* Resources */ = {
			isa = PBXResourcesBuildPhase;
			buildActionMask = 2147483647;
			files = (
			);
			runOnlyForDeploymentPostprocessing = 0;
		};
/* End PBXResourcesBuildPhase section */

/* Begin PBXShellScriptBuildPhase section */
		E5454CA8F8FF27041575C0BB /* Check Pods Manifest.lock */ = {
			isa = PBXShellScriptBuildPhase;
			buildActionMask = 2147483647;
			files = (
			);
			inputPaths = (
			);
			name = "Check Pods Manifest.lock";
			outputPaths = (
			);
			runOnlyForDeploymentPostprocessing = 0;
			shellPath = /bin/sh;
			shellScript = "diff \"${PODS_ROOT}/../Podfile.lock\" \"${PODS_ROOT}/Manifest.lock\" > /dev/null\nif [[ $? != 0 ]] ; then\n    cat << EOM\nerror: The sandbox is not in sync with the Podfile.lock. Run 'pod install' or update your CocoaPods installation.\nEOM\n    exit 1\nfi\n";
			showEnvVarsInLog = 0;
		};
		FBB8FB4E374E3DE54DB78D27 /* Copy Pods Resources */ = {
			isa = PBXShellScriptBuildPhase;
			buildActionMask = 2147483647;
			files = (
			);
			inputPaths = (
			);
			name = "Copy Pods Resources";
			outputPaths = (
			);
			runOnlyForDeploymentPostprocessing = 0;
			shellPath = /bin/sh;
			shellScript = "\"${SRCROOT}/Pods/Target Support Files/Pods/Pods-resources.sh\"\n";
			showEnvVarsInLog = 0;
		};
/* End PBXShellScriptBuildPhase section */

/* Begin PBXSourcesBuildPhase section */
		B2202DE61AED93710099F6B7 /* Sources */ = {
			isa = PBXSourcesBuildPhase;
			buildActionMask = 2147483647;
			files = (
				B2202E2E1AEDBD7C0099F6B7 /* LeftmostViewController.m in Sources */,
				B2202DF61AED93730099F6B7 /* ViewController.m in Sources */,
				4232348A1AF47A060073255A /* ReceiptSlideOutViewController.m in Sources */,
				B2202DF31AED93720099F6B7 /* AppDelegate.m in Sources */,
				B2202E151AED963B0099F6B7 /* DeliveryViewController.m in Sources */,
				B2202E1B1AED965F0099F6B7 /* SettingsViewController.m in Sources */,
				B2202E181AED96520099F6B7 /* AnalyticsViewController.m in Sources */,
				B2202DF01AED93720099F6B7 /* main.m in Sources */,
				B2202E231AEDA0CF0099F6B7 /* MHTabBarController.m in Sources */,
			);
			runOnlyForDeploymentPostprocessing = 0;
		};
		B2202DFF1AED93740099F6B7 /* Sources */ = {
			isa = PBXSourcesBuildPhase;
			buildActionMask = 2147483647;
			files = (
				B2202E0A1AED93740099F6B7 /* uberhxthonTests.m in Sources */,
			);
			runOnlyForDeploymentPostprocessing = 0;
		};
/* End PBXSourcesBuildPhase section */

/* Begin PBXTargetDependency section */
		B2202E051AED93740099F6B7 /* PBXTargetDependency */ = {
			isa = PBXTargetDependency;
			target = B2202DE91AED93710099F6B7 /* uberhxthon */;
			targetProxy = B2202E041AED93740099F6B7 /* PBXContainerItemProxy */;
		};
/* End PBXTargetDependency section */

/* Begin PBXVariantGroup section */
		B2202DF71AED93730099F6B7 /* Main.storyboard */ = {
			isa = PBXVariantGroup;
			children = (
				B2202DF81AED93730099F6B7 /* Base */,
			);
			name = Main.storyboard;
			sourceTree = "<group>";
		};
		B2202DFC1AED93740099F6B7 /* LaunchScreen.xib */ = {
			isa = PBXVariantGroup;
			children = (
				B2202DFD1AED93740099F6B7 /* Base */,
			);
			name = LaunchScreen.xib;
			sourceTree = "<group>";
		};
/* End PBXVariantGroup section */

/* Begin XCBuildConfiguration section */
		B2202E0B1AED93740099F6B7 /* Debug */ = {
			isa = XCBuildConfiguration;
			buildSettings = {
				ALWAYS_SEARCH_USER_PATHS = NO;
				CLANG_CXX_LANGUAGE_STANDARD = "gnu++0x";
				CLANG_CXX_LIBRARY = "libc++";
				CLANG_ENABLE_MODULES = YES;
				CLANG_ENABLE_OBJC_ARC = YES;
				CLANG_WARN_BOOL_CONVERSION = YES;
				CLANG_WARN_CONSTANT_CONVERSION = YES;
				CLANG_WARN_DIRECT_OBJC_ISA_USAGE = YES_ERROR;
				CLANG_WARN_EMPTY_BODY = YES;
				CLANG_WARN_ENUM_CONVERSION = YES;
				CLANG_WARN_INT_CONVERSION = YES;
				CLANG_WARN_OBJC_ROOT_CLASS = YES_ERROR;
				CLANG_WARN_UNREACHABLE_CODE = YES;
				CLANG_WARN__DUPLICATE_METHOD_MATCH = YES;
				"CODE_SIGN_IDENTITY[sdk=iphoneos*]" = "iPhone Developer";
				COPY_PHASE_STRIP = NO;
				DEBUG_INFORMATION_FORMAT = "dwarf-with-dsym";
				ENABLE_STRICT_OBJC_MSGSEND = YES;
				GCC_C_LANGUAGE_STANDARD = gnu99;
				GCC_DYNAMIC_NO_PIC = NO;
				GCC_NO_COMMON_BLOCKS = YES;
				GCC_OPTIMIZATION_LEVEL = 0;
				GCC_PREPROCESSOR_DEFINITIONS = (
					"DEBUG=1",
					"$(inherited)",
				);
				GCC_SYMBOLS_PRIVATE_EXTERN = NO;
				GCC_WARN_64_TO_32_BIT_CONVERSION = YES;
				GCC_WARN_ABOUT_RETURN_TYPE = YES_ERROR;
				GCC_WARN_UNDECLARED_SELECTOR = YES;
				GCC_WARN_UNINITIALIZED_AUTOS = YES_AGGRESSIVE;
				GCC_WARN_UNUSED_FUNCTION = YES;
				GCC_WARN_UNUSED_VARIABLE = YES;
				IPHONEOS_DEPLOYMENT_TARGET = 8.3;
				MTL_ENABLE_DEBUG_INFO = YES;
				ONLY_ACTIVE_ARCH = YES;
				SDKROOT = iphoneos;
				TARGETED_DEVICE_FAMILY = 2;
			};
			name = Debug;
		};
		B2202E0C1AED93740099F6B7 /* Release */ = {
			isa = XCBuildConfiguration;
			buildSettings = {
				ALWAYS_SEARCH_USER_PATHS = NO;
				CLANG_CXX_LANGUAGE_STANDARD = "gnu++0x";
				CLANG_CXX_LIBRARY = "libc++";
				CLANG_ENABLE_MODULES = YES;
				CLANG_ENABLE_OBJC_ARC = YES;
				CLANG_WARN_BOOL_CONVERSION = YES;
				CLANG_WARN_CONSTANT_CONVERSION = YES;
				CLANG_WARN_DIRECT_OBJC_ISA_USAGE = YES_ERROR;
				CLANG_WARN_EMPTY_BODY = YES;
				CLANG_WARN_ENUM_CONVERSION = YES;
				CLANG_WARN_INT_CONVERSION = YES;
				CLANG_WARN_OBJC_ROOT_CLASS = YES_ERROR;
				CLANG_WARN_UNREACHABLE_CODE = YES;
				CLANG_WARN__DUPLICATE_METHOD_MATCH = YES;
				"CODE_SIGN_IDENTITY[sdk=iphoneos*]" = "iPhone Developer";
				COPY_PHASE_STRIP = NO;
				DEBUG_INFORMATION_FORMAT = "dwarf-with-dsym";
				ENABLE_NS_ASSERTIONS = NO;
				ENABLE_STRICT_OBJC_MSGSEND = YES;
				GCC_C_LANGUAGE_STANDARD = gnu99;
				GCC_NO_COMMON_BLOCKS = YES;
				GCC_WARN_64_TO_32_BIT_CONVERSION = YES;
				GCC_WARN_ABOUT_RETURN_TYPE = YES_ERROR;
				GCC_WARN_UNDECLARED_SELECTOR = YES;
				GCC_WARN_UNINITIALIZED_AUTOS = YES_AGGRESSIVE;
				GCC_WARN_UNUSED_FUNCTION = YES;
				GCC_WARN_UNUSED_VARIABLE = YES;
				IPHONEOS_DEPLOYMENT_TARGET = 8.3;
				MTL_ENABLE_DEBUG_INFO = NO;
				SDKROOT = iphoneos;
				TARGETED_DEVICE_FAMILY = 2;
				VALIDATE_PRODUCT = YES;
			};
			name = Release;
		};
		B2202E0E1AED93740099F6B7 /* Debug */ = {
			isa = XCBuildConfiguration;
			baseConfigurationReference = 3566A7A44363A2B80442F71D /* Pods.debug.xcconfig */;
			buildSettings = {
				ASSETCATALOG_COMPILER_APPICON_NAME = AppIcon;
				INFOPLIST_FILE = uberhxthon/Info.plist;
				LD_RUNPATH_SEARCH_PATHS = "$(inherited) @executable_path/Frameworks";
				PRODUCT_NAME = "$(TARGET_NAME)";
			};
			name = Debug;
		};
		B2202E0F1AED93740099F6B7 /* Release */ = {
			isa = XCBuildConfiguration;
			baseConfigurationReference = D0AFD784EE723E46DA2B7261 /* Pods.release.xcconfig */;
			buildSettings = {
				ASSETCATALOG_COMPILER_APPICON_NAME = AppIcon;
				INFOPLIST_FILE = uberhxthon/Info.plist;
				LD_RUNPATH_SEARCH_PATHS = "$(inherited) @executable_path/Frameworks";
				PRODUCT_NAME = "$(TARGET_NAME)";
			};
			name = Release;
		};
		B2202E111AED93740099F6B7 /* Debug */ = {
			isa = XCBuildConfiguration;
			buildSettings = {
				BUNDLE_LOADER = "$(TEST_HOST)";
				FRAMEWORK_SEARCH_PATHS = (
					"$(SDKROOT)/Developer/Library/Frameworks",
					"$(inherited)",
				);
				GCC_PREPROCESSOR_DEFINITIONS = (
					"DEBUG=1",
					"$(inherited)",
				);
				INFOPLIST_FILE = uberhxthonTests/Info.plist;
				LD_RUNPATH_SEARCH_PATHS = "$(inherited) @executable_path/Frameworks @loader_path/Frameworks";
				PRODUCT_NAME = "$(TARGET_NAME)";
				TEST_HOST = "$(BUILT_PRODUCTS_DIR)/uberhxthon.app/uberhxthon";
			};
			name = Debug;
		};
		B2202E121AED93740099F6B7 /* Release */ = {
			isa = XCBuildConfiguration;
			buildSettings = {
				BUNDLE_LOADER = "$(TEST_HOST)";
				FRAMEWORK_SEARCH_PATHS = (
					"$(SDKROOT)/Developer/Library/Frameworks",
					"$(inherited)",
				);
				INFOPLIST_FILE = uberhxthonTests/Info.plist;
				LD_RUNPATH_SEARCH_PATHS = "$(inherited) @executable_path/Frameworks @loader_path/Frameworks";
				PRODUCT_NAME = "$(TARGET_NAME)";
				TEST_HOST = "$(BUILT_PRODUCTS_DIR)/uberhxthon.app/uberhxthon";
			};
			name = Release;
		};
/* End XCBuildConfiguration section */

/* Begin XCConfigurationList section */
		B2202DE51AED93710099F6B7 /* Build configuration list for PBXProject "uberhxthon" */ = {
			isa = XCConfigurationList;
			buildConfigurations = (
				B2202E0B1AED93740099F6B7 /* Debug */,
				B2202E0C1AED93740099F6B7 /* Release */,
			);
			defaultConfigurationIsVisible = 0;
			defaultConfigurationName = Release;
		};
		B2202E0D1AED93740099F6B7 /* Build configuration list for PBXNativeTarget "uberhxthon" */ = {
			isa = XCConfigurationList;
			buildConfigurations = (
				B2202E0E1AED93740099F6B7 /* Debug */,
				B2202E0F1AED93740099F6B7 /* Release */,
			);
			defaultConfigurationIsVisible = 0;
			defaultConfigurationName = Release;
		};
		B2202E101AED93740099F6B7 /* Build configuration list for PBXNativeTarget "uberhxthonTests" */ = {
			isa = XCConfigurationList;
			buildConfigurations = (
				B2202E111AED93740099F6B7 /* Debug */,
				B2202E121AED93740099F6B7 /* Release */,
			);
			defaultConfigurationIsVisible = 0;
			defaultConfigurationName = Release;
		};
/* End XCConfigurationList section */
	};
	rootObject = B2202DE21AED93710099F6B7 /* Project object */;
}
